
Microsoft Visual Studio Solution File, Format Version 12.00
# Visual Studio Version 17
VisualStudioVersion = 17.6.33717.318
MinimumVisualStudioVersion = 10.0.40219.1
Project("{FAE04EC0-301F-11D3-BF4B-00C04F79EFBC}") = "DataGrid", "DataGrid.csproj", "{04F3CBC2-96ED-4D59-9BCE-E36B83397DE3}"
EndProject
Global
	GlobalSection(SolutionConfigurationPlatforms) = preSolution
		Debug|Any CPU = Debug|Any CPU
		Release|Any CPU = Release|Any CPU
	EndGlobalSection
	GlobalSection(ProjectConfigurationPlatforms) = postSolution
		{04F3CBC2-96ED-4D59-9BCE-E36B83397DE3}.Debug|Any CPU.ActiveCfg = Debug|Any CPU
		{04F3CBC2-96ED-4D59-9BCE-E36B83397DE3}.Debug|Any CPU.Build.0 = Debug|Any CPU
		{04F3CBC2-96ED-4D59-9BCE-E36B83397DE3}.Release|Any CPU.ActiveCfg = Release|Any CPU
		{04F3CBC2-96ED-4D59-9BCE-E36B83397DE3}.Release|Any CPU.Build.0 = Release|Any CPU
	EndGlobalSection
	GlobalSection(SolutionProperties) = preSolution
		HideSolutionNode = FALSE
	EndGlobalSection
	GlobalSection(ExtensibilityGlobals) = postSolution
		SolutionGuid = {F4DA1DB5-98EB-44CA-A1B6-1C6A1C9C7083}
	EndGlobalSection
EndGlobal
